// !$*UTF8*$!
{
	archiveVersion = 1;
	classes = {
	};
	objectVersion = 56;
	objects = {

/* Begin PBXBuildFile section */
		3F528D662C720E81002983B0 /* HealthSingleView.swift in Sources */ = {isa = PBXBuildFile; fileRef = 3F528D652C720E81002983B0 /* HealthSingleView.swift */; };
		3F7318602C63DB93002220CA /* walking_pathApp.swift in Sources */ = {isa = PBXBuildFile; fileRef = 3F73185F2C63DB93002220CA /* walking_pathApp.swift */; };
		3F7318622C63DB93002220CA /* ContentView.swift in Sources */ = {isa = PBXBuildFile; fileRef = 3F7318612C63DB93002220CA /* ContentView.swift */; };
		3F7318642C63DB97002220CA /* Assets.xcassets in Resources */ = {isa = PBXBuildFile; fileRef = 3F7318632C63DB97002220CA /* Assets.xcassets */; };
		3F7318682C63DB97002220CA /* Preview Assets.xcassets in Resources */ = {isa = PBXBuildFile; fileRef = 3F7318672C63DB97002220CA /* Preview Assets.xcassets */; };
		3F7318722C63DB98002220CA /* walking_pathTests.swift in Sources */ = {isa = PBXBuildFile; fileRef = 3F7318712C63DB98002220CA /* walking_pathTests.swift */; };
		3F73187C2C63DB98002220CA /* walking_pathUITests.swift in Sources */ = {isa = PBXBuildFile; fileRef = 3F73187B2C63DB98002220CA /* walking_pathUITests.swift */; };
		3F73187E2C63DB98002220CA /* walking_pathUITestsLaunchTests.swift in Sources */ = {isa = PBXBuildFile; fileRef = 3F73187D2C63DB98002220CA /* walking_pathUITestsLaunchTests.swift */; };
		3F73188B2C63DC4C002220CA /* GoogleService-Info.plist in Resources */ = {isa = PBXBuildFile; fileRef = 3F73188A2C63DC4C002220CA /* GoogleService-Info.plist */; };
		3F73188E2C63DF47002220CA /* FirebaseAuth in Frameworks */ = {isa = PBXBuildFile; productRef = 3F73188D2C63DF47002220CA /* FirebaseAuth */; };
		3F7318902C63DF47002220CA /* FirebaseFirestore in Frameworks */ = {isa = PBXBuildFile; productRef = 3F73188F2C63DF47002220CA /* FirebaseFirestore */; };
		3F7318932C63E1D5002220CA /* FirebaseAuthView.swift in Sources */ = {isa = PBXBuildFile; fileRef = 3F7318922C63E1D5002220CA /* FirebaseAuthView.swift */; };
		3F7318952C63E1E9002220CA /* FirebaseAuthManager.swift in Sources */ = {isa = PBXBuildFile; fileRef = 3F7318942C63E1E9002220CA /* FirebaseAuthManager.swift */; };
		3F777F072C73AC1E00FD22C8 /* SettingsSheet.swift in Sources */ = {isa = PBXBuildFile; fileRef = 3F777F062C73AC1E00FD22C8 /* SettingsSheet.swift */; };
		3F777F0A2C73B01800FD22C8 /* OnboardingView.swift in Sources */ = {isa = PBXBuildFile; fileRef = 3F777F092C73B01800FD22C8 /* OnboardingView.swift */; };
		3F9EED0C2C7DD11800A412DF /* OnboardingCardView.swift in Sources */ = {isa = PBXBuildFile; fileRef = 3F9EED0B2C7DD11800A412DF /* OnboardingCardView.swift */; };
		3FC7A7132C68AB4D0071DCAA /* HealthView.swift in Sources */ = {isa = PBXBuildFile; fileRef = 3FC7A7122C68AB4C0071DCAA /* HealthView.swift */; };
		3FC7A7172C68AB8B0071DCAA /* HealthManager.swift in Sources */ = {isa = PBXBuildFile; fileRef = 3FC7A7162C68AB8B0071DCAA /* HealthManager.swift */; };
		3FC7A7192C68B48A0071DCAA /* HealthStat.swift in Sources */ = {isa = PBXBuildFile; fileRef = 3FC7A7182C68B48A0071DCAA /* HealthStat.swift */; };
/* End PBXBuildFile section */

/* Begin PBXContainerItemProxy section */
		3F73186E2C63DB98002220CA /* PBXContainerItemProxy */ = {
			isa = PBXContainerItemProxy;
			containerPortal = 3F7318542C63DB93002220CA /* Project object */;
			proxyType = 1;
			remoteGlobalIDString = 3F73185B2C63DB93002220CA;
			remoteInfo = "walking-path";
		};
		3F7318782C63DB98002220CA /* PBXContainerItemProxy */ = {
			isa = PBXContainerItemProxy;
			containerPortal = 3F7318542C63DB93002220CA /* Project object */;
			proxyType = 1;
			remoteGlobalIDString = 3F73185B2C63DB93002220CA;
			remoteInfo = "walking-path";
		};
/* End PBXContainerItemProxy section */

/* Begin PBXFileReference section */
		3F528D652C720E81002983B0 /* HealthSingleView.swift */ = {isa = PBXFileReference; lastKnownFileType = sourcecode.swift; path = HealthSingleView.swift; sourceTree = "<group>"; };
		3F73185C2C63DB93002220CA /* walking-path.app */ = {isa = PBXFileReference; explicitFileType = wrapper.application; includeInIndex = 0; path = "walking-path.app"; sourceTree = BUILT_PRODUCTS_DIR; };
		3F73185F2C63DB93002220CA /* walking_pathApp.swift */ = {isa = PBXFileReference; lastKnownFileType = sourcecode.swift; path = walking_pathApp.swift; sourceTree = "<group>"; };
		3F7318612C63DB93002220CA /* ContentView.swift */ = {isa = PBXFileReference; lastKnownFileType = sourcecode.swift; path = ContentView.swift; sourceTree = "<group>"; };
		3F7318632C63DB97002220CA /* Assets.xcassets */ = {isa = PBXFileReference; lastKnownFileType = folder.assetcatalog; path = Assets.xcassets; sourceTree = "<group>"; };
		3F7318652C63DB97002220CA /* walking_path.entitlements */ = {isa = PBXFileReference; lastKnownFileType = text.plist.entitlements; path = walking_path.entitlements; sourceTree = "<group>"; };
		3F7318672C63DB97002220CA /* Preview Assets.xcassets */ = {isa = PBXFileReference; lastKnownFileType = folder.assetcatalog; path = "Preview Assets.xcassets"; sourceTree = "<group>"; };
		3F73186D2C63DB98002220CA /* walking-pathTests.xctest */ = {isa = PBXFileReference; explicitFileType = wrapper.cfbundle; includeInIndex = 0; path = "walking-pathTests.xctest"; sourceTree = BUILT_PRODUCTS_DIR; };
		3F7318712C63DB98002220CA /* walking_pathTests.swift */ = {isa = PBXFileReference; lastKnownFileType = sourcecode.swift; path = walking_pathTests.swift; sourceTree = "<group>"; };
		3F7318772C63DB98002220CA /* walking-pathUITests.xctest */ = {isa = PBXFileReference; explicitFileType = wrapper.cfbundle; includeInIndex = 0; path = "walking-pathUITests.xctest"; sourceTree = BUILT_PRODUCTS_DIR; };
		3F73187B2C63DB98002220CA /* walking_pathUITests.swift */ = {isa = PBXFileReference; lastKnownFileType = sourcecode.swift; path = walking_pathUITests.swift; sourceTree = "<group>"; };
		3F73187D2C63DB98002220CA /* walking_pathUITestsLaunchTests.swift */ = {isa = PBXFileReference; lastKnownFileType = sourcecode.swift; path = walking_pathUITestsLaunchTests.swift; sourceTree = "<group>"; };
		3F73188A2C63DC4C002220CA /* GoogleService-Info.plist */ = {isa = PBXFileReference; fileEncoding = 4; lastKnownFileType = text.plist.xml; path = "GoogleService-Info.plist"; sourceTree = "<group>"; };
		3F7318922C63E1D5002220CA /* FirebaseAuthView.swift */ = {isa = PBXFileReference; lastKnownFileType = sourcecode.swift; path = FirebaseAuthView.swift; sourceTree = "<group>"; };
		3F7318942C63E1E9002220CA /* FirebaseAuthManager.swift */ = {isa = PBXFileReference; lastKnownFileType = sourcecode.swift; path = FirebaseAuthManager.swift; sourceTree = "<group>"; };
		3F777F062C73AC1E00FD22C8 /* SettingsSheet.swift */ = {isa = PBXFileReference; lastKnownFileType = sourcecode.swift; path = SettingsSheet.swift; sourceTree = "<group>"; };
		3F777F092C73B01800FD22C8 /* OnboardingView.swift */ = {isa = PBXFileReference; lastKnownFileType = sourcecode.swift; path = OnboardingView.swift; sourceTree = "<group>"; };
		3F9EED0B2C7DD11800A412DF /* OnboardingCardView.swift */ = {isa = PBXFileReference; lastKnownFileType = sourcecode.swift; path = OnboardingCardView.swift; sourceTree = "<group>"; };
		3FC7A7122C68AB4C0071DCAA /* HealthView.swift */ = {isa = PBXFileReference; lastKnownFileType = sourcecode.swift; path = HealthView.swift; sourceTree = "<group>"; };
		3FC7A7162C68AB8B0071DCAA /* HealthManager.swift */ = {isa = PBXFileReference; lastKnownFileType = sourcecode.swift; path = HealthManager.swift; sourceTree = "<group>"; };
		3FC7A7182C68B48A0071DCAA /* HealthStat.swift */ = {isa = PBXFileReference; lastKnownFileType = sourcecode.swift; path = HealthStat.swift; sourceTree = "<group>"; };
/* End PBXFileReference section */

/* Begin PBXFrameworksBuildPhase section */
		3F7318592C63DB93002220CA /* Frameworks */ = {
			isa = PBXFrameworksBuildPhase;
			buildActionMask = 2147483647;
			files = (
				3F73188E2C63DF47002220CA /* FirebaseAuth in Frameworks */,
				3F7318902C63DF47002220CA /* FirebaseFirestore in Frameworks */,
			);
			runOnlyForDeploymentPostprocessing = 0;
		};
		3F73186A2C63DB98002220CA /* Frameworks */ = {
			isa = PBXFrameworksBuildPhase;
			buildActionMask = 2147483647;
			files = (
			);
			runOnlyForDeploymentPostprocessing = 0;
		};
		3F7318742C63DB98002220CA /* Frameworks */ = {
			isa = PBXFrameworksBuildPhase;
			buildActionMask = 2147483647;
			files = (
			);
			runOnlyForDeploymentPostprocessing = 0;
		};
/* End PBXFrameworksBuildPhase section */

/* Begin PBXGroup section */
		3F7318532C63DB93002220CA = {
			isa = PBXGroup;
			children = (
				3F73185E2C63DB93002220CA /* walking-path */,
				3F7318702C63DB98002220CA /* walking-pathTests */,
				3F73187A2C63DB98002220CA /* walking-pathUITests */,
				3F73185D2C63DB93002220CA /* Products */,
			);
			sourceTree = "<group>";
		};
		3F73185D2C63DB93002220CA /* Products */ = {
			isa = PBXGroup;
			children = (
				3F73185C2C63DB93002220CA /* walking-path.app */,
				3F73186D2C63DB98002220CA /* walking-pathTests.xctest */,
				3F7318772C63DB98002220CA /* walking-pathUITests.xctest */,
			);
			name = Products;
			sourceTree = "<group>";
		};
		3F73185E2C63DB93002220CA /* walking-path */ = {
			isa = PBXGroup;
			children = (
				3FC7A7112C68AB230071DCAA /* Health */,
				3F7318912C63E1B3002220CA /* Auth */,
				3F73188A2C63DC4C002220CA /* GoogleService-Info.plist */,
				3F73185F2C63DB93002220CA /* walking_pathApp.swift */,
				3F7318612C63DB93002220CA /* ContentView.swift */,
				3F7318632C63DB97002220CA /* Assets.xcassets */,
				3F7318652C63DB97002220CA /* walking_path.entitlements */,
				3F7318662C63DB97002220CA /* Preview Content */,
			);
			path = "walking-path";
			sourceTree = "<group>";
		};
		3F7318662C63DB97002220CA /* Preview Content */ = {
			isa = PBXGroup;
			children = (
				3F7318672C63DB97002220CA /* Preview Assets.xcassets */,
			);
			path = "Preview Content";
			sourceTree = "<group>";
		};
		3F7318702C63DB98002220CA /* walking-pathTests */ = {
			isa = PBXGroup;
			children = (
				3F7318712C63DB98002220CA /* walking_pathTests.swift */,
			);
			path = "walking-pathTests";
			sourceTree = "<group>";
		};
		3F73187A2C63DB98002220CA /* walking-pathUITests */ = {
			isa = PBXGroup;
			children = (
				3F73187B2C63DB98002220CA /* walking_pathUITests.swift */,
				3F73187D2C63DB98002220CA /* walking_pathUITestsLaunchTests.swift */,
			);
			path = "walking-pathUITests";
			sourceTree = "<group>";
		};
		3F7318912C63E1B3002220CA /* Auth */ = {
			isa = PBXGroup;
			children = (
				3F7318922C63E1D5002220CA /* FirebaseAuthView.swift */,
				3F7318942C63E1E9002220CA /* FirebaseAuthManager.swift */,
			);
			path = Auth;
			sourceTree = "<group>";
		};
		3F777F082C73AFFF00FD22C8 /* Onboarding */ = {
			isa = PBXGroup;
			children = (
				3F777F092C73B01800FD22C8 /* OnboardingView.swift */,
				3F9EED0B2C7DD11800A412DF /* OnboardingCardView.swift */,
			);
			path = Onboarding;
			sourceTree = "<group>";
		};
		3FC7A7112C68AB230071DCAA /* Health */ = {
			isa = PBXGroup;
			children = (
				3F777F082C73AFFF00FD22C8 /* Onboarding */,
				3FC7A7122C68AB4C0071DCAA /* HealthView.swift */,
				3FC7A7162C68AB8B0071DCAA /* HealthManager.swift */,
				3FC7A7182C68B48A0071DCAA /* HealthStat.swift */,
				3F528D652C720E81002983B0 /* HealthSingleView.swift */,
				3F777F062C73AC1E00FD22C8 /* SettingsSheet.swift */,
			);
			path = Health;
			sourceTree = "<group>";
		};
/* End PBXGroup section */

/* Begin PBXNativeTarget section */
		3F73185B2C63DB93002220CA /* walking-path */ = {
			isa = PBXNativeTarget;
			buildConfigurationList = 3F7318812C63DB98002220CA /* Build configuration list for PBXNativeTarget "walking-path" */;
			buildPhases = (
				3F7318582C63DB93002220CA /* Sources */,
				3F7318592C63DB93002220CA /* Frameworks */,
				3F73185A2C63DB93002220CA /* Resources */,
			);
			buildRules = (
			);
			dependencies = (
			);
			name = "walking-path";
			packageProductDependencies = (
				3F73188D2C63DF47002220CA /* FirebaseAuth */,
				3F73188F2C63DF47002220CA /* FirebaseFirestore */,
			);
			productName = "walking-path";
			productReference = 3F73185C2C63DB93002220CA /* walking-path.app */;
			productType = "com.apple.product-type.application";
		};
		3F73186C2C63DB98002220CA /* walking-pathTests */ = {
			isa = PBXNativeTarget;
			buildConfigurationList = 3F7318842C63DB98002220CA /* Build configuration list for PBXNativeTarget "walking-pathTests" */;
			buildPhases = (
				3F7318692C63DB98002220CA /* Sources */,
				3F73186A2C63DB98002220CA /* Frameworks */,
				3F73186B2C63DB98002220CA /* Resources */,
			);
			buildRules = (
			);
			dependencies = (
				3F73186F2C63DB98002220CA /* PBXTargetDependency */,
			);
			name = "walking-pathTests";
			productName = "walking-pathTests";
			productReference = 3F73186D2C63DB98002220CA /* walking-pathTests.xctest */;
			productType = "com.apple.product-type.bundle.unit-test";
		};
		3F7318762C63DB98002220CA /* walking-pathUITests */ = {
			isa = PBXNativeTarget;
			buildConfigurationList = 3F7318872C63DB98002220CA /* Build configuration list for PBXNativeTarget "walking-pathUITests" */;
			buildPhases = (
				3F7318732C63DB98002220CA /* Sources */,
				3F7318742C63DB98002220CA /* Frameworks */,
				3F7318752C63DB98002220CA /* Resources */,
			);
			buildRules = (
			);
			dependencies = (
				3F7318792C63DB98002220CA /* PBXTargetDependency */,
			);
			name = "walking-pathUITests";
			productName = "walking-pathUITests";
			productReference = 3F7318772C63DB98002220CA /* walking-pathUITests.xctest */;
			productType = "com.apple.product-type.bundle.ui-testing";
		};
/* End PBXNativeTarget section */

/* Begin PBXProject section */
		3F7318542C63DB93002220CA /* Project object */ = {
			isa = PBXProject;
			attributes = {
				BuildIndependentTargetsInParallel = 1;
				LastSwiftUpdateCheck = 1520;
				LastUpgradeCheck = 1540;
				TargetAttributes = {
					3F73185B2C63DB93002220CA = {
						CreatedOnToolsVersion = 15.2;
					};
					3F73186C2C63DB98002220CA = {
						CreatedOnToolsVersion = 15.2;
						TestTargetID = 3F73185B2C63DB93002220CA;
					};
					3F7318762C63DB98002220CA = {
						CreatedOnToolsVersion = 15.2;
						TestTargetID = 3F73185B2C63DB93002220CA;
					};
				};
			};
			buildConfigurationList = 3F7318572C63DB93002220CA /* Build configuration list for PBXProject "walking-path" */;
			compatibilityVersion = "Xcode 14.0";
			developmentRegion = en;
			hasScannedForEncodings = 0;
			knownRegions = (
				en,
				Base,
			);
			mainGroup = 3F7318532C63DB93002220CA;
			packageReferences = (
				3F73188C2C63DF47002220CA /* XCRemoteSwiftPackageReference "firebase-ios-sdk" */,
			);
			productRefGroup = 3F73185D2C63DB93002220CA /* Products */;
			projectDirPath = "";
			projectRoot = "";
			targets = (
				3F73185B2C63DB93002220CA /* walking-path */,
				3F73186C2C63DB98002220CA /* walking-pathTests */,
				3F7318762C63DB98002220CA /* walking-pathUITests */,
			);
		};
/* End PBXProject section */

/* Begin PBXResourcesBuildPhase section */
		3F73185A2C63DB93002220CA /* Resources */ = {
			isa = PBXResourcesBuildPhase;
			buildActionMask = 2147483647;
			files = (
				3F7318682C63DB97002220CA /* Preview Assets.xcassets in Resources */,
				3F7318642C63DB97002220CA /* Assets.xcassets in Resources */,
				3F73188B2C63DC4C002220CA /* GoogleService-Info.plist in Resources */,
			);
			runOnlyForDeploymentPostprocessing = 0;
		};
		3F73186B2C63DB98002220CA /* Resources */ = {
			isa = PBXResourcesBuildPhase;
			buildActionMask = 2147483647;
			files = (
			);
			runOnlyForDeploymentPostprocessing = 0;
		};
		3F7318752C63DB98002220CA /* Resources */ = {
			isa = PBXResourcesBuildPhase;
			buildActionMask = 2147483647;
			files = (
			);
			runOnlyForDeploymentPostprocessing = 0;
		};
/* End PBXResourcesBuildPhase section */

/* Begin PBXSourcesBuildPhase section */
		3F7318582C63DB93002220CA /* Sources */ = {
			isa = PBXSourcesBuildPhase;
			buildActionMask = 2147483647;
			files = (
				3F7318932C63E1D5002220CA /* FirebaseAuthView.swift in Sources */,
				3F9EED0C2C7DD11800A412DF /* OnboardingCardView.swift in Sources */,
				3FC7A7172C68AB8B0071DCAA /* HealthManager.swift in Sources */,
				3FC7A7192C68B48A0071DCAA /* HealthStat.swift in Sources */,
				3F777F0A2C73B01800FD22C8 /* OnboardingView.swift in Sources */,
				3F528D662C720E81002983B0 /* HealthSingleView.swift in Sources */,
				3F7318622C63DB93002220CA /* ContentView.swift in Sources */,
				3F7318952C63E1E9002220CA /* FirebaseAuthManager.swift in Sources */,
				3F777F072C73AC1E00FD22C8 /* SettingsSheet.swift in Sources */,
				3FC7A7132C68AB4D0071DCAA /* HealthView.swift in Sources */,
				3F7318602C63DB93002220CA /* walking_pathApp.swift in Sources */,
			);
			runOnlyForDeploymentPostprocessing = 0;
		};
		3F7318692C63DB98002220CA /* Sources */ = {
			isa = PBXSourcesBuildPhase;
			buildActionMask = 2147483647;
			files = (
				3F7318722C63DB98002220CA /* walking_pathTests.swift in Sources */,
			);
			runOnlyForDeploymentPostprocessing = 0;
		};
		3F7318732C63DB98002220CA /* Sources */ = {
			isa = PBXSourcesBuildPhase;
			buildActionMask = 2147483647;
			files = (
				3F73187C2C63DB98002220CA /* walking_pathUITests.swift in Sources */,
				3F73187E2C63DB98002220CA /* walking_pathUITestsLaunchTests.swift in Sources */,
			);
			runOnlyForDeploymentPostprocessing = 0;
		};
/* End PBXSourcesBuildPhase section */

/* Begin PBXTargetDependency section */
		3F73186F2C63DB98002220CA /* PBXTargetDependency */ = {
			isa = PBXTargetDependency;
			target = 3F73185B2C63DB93002220CA /* walking-path */;
			targetProxy = 3F73186E2C63DB98002220CA /* PBXContainerItemProxy */;
		};
		3F7318792C63DB98002220CA /* PBXTargetDependency */ = {
			isa = PBXTargetDependency;
			target = 3F73185B2C63DB93002220CA /* walking-path */;
			targetProxy = 3F7318782C63DB98002220CA /* PBXContainerItemProxy */;
		};
/* End PBXTargetDependency section */

/* Begin XCBuildConfiguration section */
		3F73187F2C63DB98002220CA /* Debug */ = {
			isa = XCBuildConfiguration;
			buildSettings = {
				ALWAYS_SEARCH_USER_PATHS = NO;
				ASSETCATALOG_COMPILER_GENERATE_SWIFT_ASSET_SYMBOL_EXTENSIONS = YES;
				CLANG_ANALYZER_NONNULL = YES;
				CLANG_ANALYZER_NUMBER_OBJECT_CONVERSION = YES_AGGRESSIVE;
				CLANG_CXX_LANGUAGE_STANDARD = "gnu++20";
				CLANG_ENABLE_MODULES = YES;
				CLANG_ENABLE_OBJC_ARC = YES;
				CLANG_ENABLE_OBJC_WEAK = YES;
				CLANG_WARN_BLOCK_CAPTURE_AUTORELEASING = YES;
				CLANG_WARN_BOOL_CONVERSION = YES;
				CLANG_WARN_COMMA = YES;
				CLANG_WARN_CONSTANT_CONVERSION = YES;
				CLANG_WARN_DEPRECATED_OBJC_IMPLEMENTATIONS = YES;
				CLANG_WARN_DIRECT_OBJC_ISA_USAGE = YES_ERROR;
				CLANG_WARN_DOCUMENTATION_COMMENTS = YES;
				CLANG_WARN_EMPTY_BODY = YES;
				CLANG_WARN_ENUM_CONVERSION = YES;
				CLANG_WARN_INFINITE_RECURSION = YES;
				CLANG_WARN_INT_CONVERSION = YES;
				CLANG_WARN_NON_LITERAL_NULL_CONVERSION = YES;
				CLANG_WARN_OBJC_IMPLICIT_RETAIN_SELF = YES;
				CLANG_WARN_OBJC_LITERAL_CONVERSION = YES;
				CLANG_WARN_OBJC_ROOT_CLASS = YES_ERROR;
				CLANG_WARN_QUOTED_INCLUDE_IN_FRAMEWORK_HEADER = YES;
				CLANG_WARN_RANGE_LOOP_ANALYSIS = YES;
				CLANG_WARN_STRICT_PROTOTYPES = YES;
				CLANG_WARN_SUSPICIOUS_MOVE = YES;
				CLANG_WARN_UNGUARDED_AVAILABILITY = YES_AGGRESSIVE;
				CLANG_WARN_UNREACHABLE_CODE = YES;
				CLANG_WARN__DUPLICATE_METHOD_MATCH = YES;
				COPY_PHASE_STRIP = NO;
				DEAD_CODE_STRIPPING = YES;
				DEBUG_INFORMATION_FORMAT = dwarf;
				ENABLE_STRICT_OBJC_MSGSEND = YES;
				ENABLE_TESTABILITY = YES;
				ENABLE_USER_SCRIPT_SANDBOXING = YES;
				GCC_C_LANGUAGE_STANDARD = gnu17;
				GCC_DYNAMIC_NO_PIC = NO;
				GCC_NO_COMMON_BLOCKS = YES;
				GCC_OPTIMIZATION_LEVEL = 0;
				GCC_PREPROCESSOR_DEFINITIONS = (
					"DEBUG=1",
					"$(inherited)",
				);
				GCC_WARN_64_TO_32_BIT_CONVERSION = YES;
				GCC_WARN_ABOUT_RETURN_TYPE = YES_ERROR;
				GCC_WARN_UNDECLARED_SELECTOR = YES;
				GCC_WARN_UNINITIALIZED_AUTOS = YES_AGGRESSIVE;
				GCC_WARN_UNUSED_FUNCTION = YES;
				GCC_WARN_UNUSED_VARIABLE = YES;
				IPHONEOS_DEPLOYMENT_TARGET = 17.0;
				LOCALIZATION_PREFERS_STRING_CATALOGS = YES;
				MACOSX_DEPLOYMENT_TARGET = 14.2;
				MTL_ENABLE_DEBUG_INFO = INCLUDE_SOURCE;
				MTL_FAST_MATH = YES;
				ONLY_ACTIVE_ARCH = YES;
				SWIFT_ACTIVE_COMPILATION_CONDITIONS = "DEBUG $(inherited)";
				SWIFT_OPTIMIZATION_LEVEL = "-Onone";
			};
			name = Debug;
		};
		3F7318802C63DB98002220CA /* Release */ = {
			isa = XCBuildConfiguration;
			buildSettings = {
				ALWAYS_SEARCH_USER_PATHS = NO;
				ASSETCATALOG_COMPILER_GENERATE_SWIFT_ASSET_SYMBOL_EXTENSIONS = YES;
				CLANG_ANALYZER_NONNULL = YES;
				CLANG_ANALYZER_NUMBER_OBJECT_CONVERSION = YES_AGGRESSIVE;
				CLANG_CXX_LANGUAGE_STANDARD = "gnu++20";
				CLANG_ENABLE_MODULES = YES;
				CLANG_ENABLE_OBJC_ARC = YES;
				CLANG_ENABLE_OBJC_WEAK = YES;
				CLANG_WARN_BLOCK_CAPTURE_AUTORELEASING = YES;
				CLANG_WARN_BOOL_CONVERSION = YES;
				CLANG_WARN_COMMA = YES;
				CLANG_WARN_CONSTANT_CONVERSION = YES;
				CLANG_WARN_DEPRECATED_OBJC_IMPLEMENTATIONS = YES;
				CLANG_WARN_DIRECT_OBJC_ISA_USAGE = YES_ERROR;
				CLANG_WARN_DOCUMENTATION_COMMENTS = YES;
				CLANG_WARN_EMPTY_BODY = YES;
				CLANG_WARN_ENUM_CONVERSION = YES;
				CLANG_WARN_INFINITE_RECURSION = YES;
				CLANG_WARN_INT_CONVERSION = YES;
				CLANG_WARN_NON_LITERAL_NULL_CONVERSION = YES;
				CLANG_WARN_OBJC_IMPLICIT_RETAIN_SELF = YES;
				CLANG_WARN_OBJC_LITERAL_CONVERSION = YES;
				CLANG_WARN_OBJC_ROOT_CLASS = YES_ERROR;
				CLANG_WARN_QUOTED_INCLUDE_IN_FRAMEWORK_HEADER = YES;
				CLANG_WARN_RANGE_LOOP_ANALYSIS = YES;
				CLANG_WARN_STRICT_PROTOTYPES = YES;
				CLANG_WARN_SUSPICIOUS_MOVE = YES;
				CLANG_WARN_UNGUARDED_AVAILABILITY = YES_AGGRESSIVE;
				CLANG_WARN_UNREACHABLE_CODE = YES;
				CLANG_WARN__DUPLICATE_METHOD_MATCH = YES;
				COPY_PHASE_STRIP = NO;
				DEAD_CODE_STRIPPING = YES;
				DEBUG_INFORMATION_FORMAT = "dwarf-with-dsym";
				ENABLE_NS_ASSERTIONS = NO;
				ENABLE_STRICT_OBJC_MSGSEND = YES;
				ENABLE_USER_SCRIPT_SANDBOXING = YES;
				GCC_C_LANGUAGE_STANDARD = gnu17;
				GCC_NO_COMMON_BLOCKS = YES;
				GCC_WARN_64_TO_32_BIT_CONVERSION = YES;
				GCC_WARN_ABOUT_RETURN_TYPE = YES_ERROR;
				GCC_WARN_UNDECLARED_SELECTOR = YES;
				GCC_WARN_UNINITIALIZED_AUTOS = YES_AGGRESSIVE;
				GCC_WARN_UNUSED_FUNCTION = YES;
				GCC_WARN_UNUSED_VARIABLE = YES;
				IPHONEOS_DEPLOYMENT_TARGET = 17.0;
				LOCALIZATION_PREFERS_STRING_CATALOGS = YES;
				MACOSX_DEPLOYMENT_TARGET = 14.2;
				MTL_ENABLE_DEBUG_INFO = NO;
				MTL_FAST_MATH = YES;
				SWIFT_COMPILATION_MODE = wholemodule;
			};
			name = Release;
		};
		3F7318822C63DB98002220CA /* Debug */ = {
			isa = XCBuildConfiguration;
			buildSettings = {
				ASSETCATALOG_COMPILER_APPICON_NAME = AppIcon;
				ASSETCATALOG_COMPILER_GLOBAL_ACCENT_COLOR_NAME = AccentColor;
				CODE_SIGN_ENTITLEMENTS = "walking-path/walking_path.entitlements";
				"CODE_SIGN_IDENTITY[sdk=macosx*]" = "Apple Development";
				CODE_SIGN_STYLE = Automatic;
				CURRENT_PROJECT_VERSION = 1;
				DEAD_CODE_STRIPPING = YES;
				DEVELOPMENT_ASSET_PATHS = "\"walking-path/Preview Content\"";
				DEVELOPMENT_TEAM = 3C4865S69C;
				ENABLE_HARDENED_RUNTIME = NO;
				ENABLE_PREVIEWS = YES;
				GENERATE_INFOPLIST_FILE = YES;
				INFOPLIST_KEY_NSHealthShareUsageDescription = "We require access to your ealth data inorder to provide valide data to you.";
				"INFOPLIST_KEY_UIApplicationSceneManifest_Generation[sdk=iphoneos*]" = YES;
				"INFOPLIST_KEY_UIApplicationSceneManifest_Generation[sdk=iphonesimulator*]" = YES;
				"INFOPLIST_KEY_UIApplicationSupportsIndirectInputEvents[sdk=iphoneos*]" = YES;
				"INFOPLIST_KEY_UIApplicationSupportsIndirectInputEvents[sdk=iphonesimulator*]" = YES;
				"INFOPLIST_KEY_UILaunchScreen_Generation[sdk=iphoneos*]" = YES;
				"INFOPLIST_KEY_UILaunchScreen_Generation[sdk=iphonesimulator*]" = YES;
				"INFOPLIST_KEY_UIStatusBarStyle[sdk=iphoneos*]" = UIStatusBarStyleDefault;
				"INFOPLIST_KEY_UIStatusBarStyle[sdk=iphonesimulator*]" = UIStatusBarStyleDefault;
				INFOPLIST_KEY_UISupportedInterfaceOrientations_iPad = "UIInterfaceOrientationPortrait UIInterfaceOrientationPortraitUpsideDown UIInterfaceOrientationLandscapeLeft UIInterfaceOrientationLandscapeRight";
				INFOPLIST_KEY_UISupportedInterfaceOrientations_iPhone = "UIInterfaceOrientationPortrait UIInterfaceOrientationLandscapeLeft UIInterfaceOrientationLandscapeRight";
				IPHONEOS_DEPLOYMENT_TARGET = 17.2;
				LD_RUNPATH_SEARCH_PATHS = "@executable_path/Frameworks";
				"LD_RUNPATH_SEARCH_PATHS[sdk=macosx*]" = "@executable_path/../Frameworks";
				MACOSX_DEPLOYMENT_TARGET = 13.6;
				MARKETING_VERSION = 1.0;
				PRODUCT_BUNDLE_IDENTIFIER = "co.za.openwindow.walking-path";
				PRODUCT_NAME = "$(TARGET_NAME)";
				SDKROOT = auto;
				SUPPORTED_PLATFORMS = "iphoneos iphonesimulator macosx";
				SWIFT_EMIT_LOC_STRINGS = YES;
				SWIFT_VERSION = 5.0;
				TARGETED_DEVICE_FAMILY = "1,2";
			};
			name = Debug;
		};
		3F7318832C63DB98002220CA /* Release */ = {
			isa = XCBuildConfiguration;
			buildSettings = {
				ASSETCATALOG_COMPILER_APPICON_NAME = AppIcon;
				ASSETCATALOG_COMPILER_GLOBAL_ACCENT_COLOR_NAME = AccentColor;
				CODE_SIGN_ENTITLEMENTS = "walking-path/walking_path.entitlements";
				"CODE_SIGN_IDENTITY[sdk=macosx*]" = "Apple Development";
				CODE_SIGN_STYLE = Automatic;
				CURRENT_PROJECT_VERSION = 1;
				DEAD_CODE_STRIPPING = YES;
				DEVELOPMENT_ASSET_PATHS = "\"walking-path/Preview Content\"";
				DEVELOPMENT_TEAM = 3C4865S69C;
				ENABLE_HARDENED_RUNTIME = NO;
				ENABLE_PREVIEWS = YES;
				GENERATE_INFOPLIST_FILE = YES;
				INFOPLIST_KEY_NSHealthShareUsageDescription = "We require access to your ealth data inorder to provide valide data to you.";
				"INFOPLIST_KEY_UIApplicationSceneManifest_Generation[sdk=iphoneos*]" = YES;
				"INFOPLIST_KEY_UIApplicationSceneManifest_Generation[sdk=iphonesimulator*]" = YES;
				"INFOPLIST_KEY_UIApplicationSupportsIndirectInputEvents[sdk=iphoneos*]" = YES;
				"INFOPLIST_KEY_UIApplicationSupportsIndirectInputEvents[sdk=iphonesimulator*]" = YES;
				"INFOPLIST_KEY_UILaunchScreen_Generation[sdk=iphoneos*]" = YES;
				"INFOPLIST_KEY_UILaunchScreen_Generation[sdk=iphonesimulator*]" = YES;
				"INFOPLIST_KEY_UIStatusBarStyle[sdk=iphoneos*]" = UIStatusBarStyleDefault;
				"INFOPLIST_KEY_UIStatusBarStyle[sdk=iphonesimulator*]" = UIStatusBarStyleDefault;
				INFOPLIST_KEY_UISupportedInterfaceOrientations_iPad = "UIInterfaceOrientationPortrait UIInterfaceOrientationPortraitUpsideDown UIInterfaceOrientationLandscapeLeft UIInterfaceOrientationLandscapeRight";
				INFOPLIST_KEY_UISupportedInterfaceOrientations_iPhone = "UIInterfaceOrientationPortrait UIInterfaceOrientationLandscapeLeft UIInterfaceOrientationLandscapeRight";
				IPHONEOS_DEPLOYMENT_TARGET = 17.2;
				LD_RUNPATH_SEARCH_PATHS = "@executable_path/Frameworks";
				"LD_RUNPATH_SEARCH_PATHS[sdk=macosx*]" = "@executable_path/../Frameworks";
				MACOSX_DEPLOYMENT_TARGET = 13.6;
				MARKETING_VERSION = 1.0;
				PRODUCT_BUNDLE_IDENTIFIER = "co.za.openwindow.walking-path";
				PRODUCT_NAME = "$(TARGET_NAME)";
				SDKROOT = auto;
				SUPPORTED_PLATFORMS = "iphoneos iphonesimulator macosx";
				SWIFT_EMIT_LOC_STRINGS = YES;
				SWIFT_VERSION = 5.0;
				TARGETED_DEVICE_FAMILY = "1,2";
			};
			name = Release;
		};
		3F7318852C63DB98002220CA /* Debug */ = {
			isa = XCBuildConfiguration;
			buildSettings = {
				ALWAYS_EMBED_SWIFT_STANDARD_LIBRARIES = YES;
				BUNDLE_LOADER = "$(TEST_HOST)";
				CODE_SIGN_STYLE = Automatic;
				CURRENT_PROJECT_VERSION = 1;
				DEAD_CODE_STRIPPING = YES;
				DEVELOPMENT_TEAM = 3C4865S69C;
				GENERATE_INFOPLIST_FILE = YES;
				IPHONEOS_DEPLOYMENT_TARGET = 17.2;
				MACOSX_DEPLOYMENT_TARGET = 13.6;
				MARKETING_VERSION = 1.0;
				PRODUCT_BUNDLE_IDENTIFIER = "co.za.openwindow.walking-pathTests";
				PRODUCT_NAME = "$(TARGET_NAME)";
				SDKROOT = auto;
				SUPPORTED_PLATFORMS = "iphoneos iphonesimulator macosx";
				SWIFT_EMIT_LOC_STRINGS = NO;
				SWIFT_VERSION = 5.0;
				TARGETED_DEVICE_FAMILY = "1,2";
				TEST_HOST = "$(BUILT_PRODUCTS_DIR)/walking-path.app/$(BUNDLE_EXECUTABLE_FOLDER_PATH)/walking-path";
			};
			name = Debug;
		};
		3F7318862C63DB98002220CA /* Release */ = {
			isa = XCBuildConfiguration;
			buildSettings = {
				ALWAYS_EMBED_SWIFT_STANDARD_LIBRARIES = YES;
				BUNDLE_LOADER = "$(TEST_HOST)";
				CODE_SIGN_STYLE = Automatic;
				CURRENT_PROJECT_VERSION = 1;
				DEAD_CODE_STRIPPING = YES;
				DEVELOPMENT_TEAM = 3C4865S69C;
				GENERATE_INFOPLIST_FILE = YES;
				IPHONEOS_DEPLOYMENT_TARGET = 17.2;
				MACOSX_DEPLOYMENT_TARGET = 13.6;
				MARKETING_VERSION = 1.0;
				PRODUCT_BUNDLE_IDENTIFIER = "co.za.openwindow.walking-pathTests";
				PRODUCT_NAME = "$(TARGET_NAME)";
				SDKROOT = auto;
				SUPPORTED_PLATFORMS = "iphoneos iphonesimulator macosx";
				SWIFT_EMIT_LOC_STRINGS = NO;
				SWIFT_VERSION = 5.0;
				TARGETED_DEVICE_FAMILY = "1,2";
				TEST_HOST = "$(BUILT_PRODUCTS_DIR)/walking-path.app/$(BUNDLE_EXECUTABLE_FOLDER_PATH)/walking-path";
			};
			name = Release;
		};
		3F7318882C63DB98002220CA /* Debug */ = {
			isa = XCBuildConfiguration;
			buildSettings = {
				ALWAYS_EMBED_SWIFT_STANDARD_LIBRARIES = YES;
				CODE_SIGN_STYLE = Automatic;
				CURRENT_PROJECT_VERSION = 1;
				DEAD_CODE_STRIPPING = YES;
				DEVELOPMENT_TEAM = 3C4865S69C;
				GENERATE_INFOPLIST_FILE = YES;
				IPHONEOS_DEPLOYMENT_TARGET = 17.2;
				MACOSX_DEPLOYMENT_TARGET = 13.6;
				MARKETING_VERSION = 1.0;
				PRODUCT_BUNDLE_IDENTIFIER = "co.za.openwindow.walking-pathUITests";
				PRODUCT_NAME = "$(TARGET_NAME)";
				SDKROOT = auto;
				SUPPORTED_PLATFORMS = "iphoneos iphonesimulator macosx";
				SWIFT_EMIT_LOC_STRINGS = NO;
				SWIFT_VERSION = 5.0;
				TARGETED_DEVICE_FAMILY = "1,2";
				TEST_TARGET_NAME = "walking-path";
			};
			name = Debug;
		};
		3F7318892C63DB98002220CA /* Release */ = {
			isa = XCBuildConfiguration;
			buildSettings = {
				ALWAYS_EMBED_SWIFT_STANDARD_LIBRARIES = YES;
				CODE_SIGN_STYLE = Automatic;
				CURRENT_PROJECT_VERSION = 1;
				DEAD_CODE_STRIPPING = YES;
				DEVELOPMENT_TEAM = 3C4865S69C;
				GENERATE_INFOPLIST_FILE = YES;
				IPHONEOS_DEPLOYMENT_TARGET = 17.2;
				MACOSX_DEPLOYMENT_TARGET = 13.6;
				MARKETING_VERSION = 1.0;
				PRODUCT_BUNDLE_IDENTIFIER = "co.za.openwindow.walking-pathUITests";
				PRODUCT_NAME = "$(TARGET_NAME)";
				SDKROOT = auto;
				SUPPORTED_PLATFORMS = "iphoneos iphonesimulator macosx";
				SWIFT_EMIT_LOC_STRINGS = NO;
				SWIFT_VERSION = 5.0;
				TARGETED_DEVICE_FAMILY = "1,2";
				TEST_TARGET_NAME = "walking-path";
			};
			name = Release;
		};
/* End XCBuildConfiguration section */

/* Begin XCConfigurationList section */
		3F7318572C63DB93002220CA /* Build configuration list for PBXProject "walking-path" */ = {
			isa = XCConfigurationList;
			buildConfigurations = (
				3F73187F2C63DB98002220CA /* Debug */,
				3F7318802C63DB98002220CA /* Release */,
			);
			defaultConfigurationIsVisible = 0;
			defaultConfigurationName = Release;
		};
		3F7318812C63DB98002220CA /* Build configuration list for PBXNativeTarget "walking-path" */ = {
			isa = XCConfigurationList;
			buildConfigurations = (
				3F7318822C63DB98002220CA /* Debug */,
				3F7318832C63DB98002220CA /* Release */,
			);
			defaultConfigurationIsVisible = 0;
			defaultConfigurationName = Release;
		};
		3F7318842C63DB98002220CA /* Build configuration list for PBXNativeTarget "walking-pathTests" */ = {
			isa = XCConfigurationList;
			buildConfigurations = (
				3F7318852C63DB98002220CA /* Debug */,
				3F7318862C63DB98002220CA /* Release */,
			);
			defaultConfigurationIsVisible = 0;
			defaultConfigurationName = Release;
		};
		3F7318872C63DB98002220CA /* Build configuration list for PBXNativeTarget "walking-pathUITests" */ = {
			isa = XCConfigurationList;
			buildConfigurations = (
				3F7318882C63DB98002220CA /* Debug */,
				3F7318892C63DB98002220CA /* Release */,
			);
			defaultConfigurationIsVisible = 0;
			defaultConfigurationName = Release;
		};
/* End XCConfigurationList section */

/* Begin XCRemoteSwiftPackageReference section */
		3F73188C2C63DF47002220CA /* XCRemoteSwiftPackageReference "firebase-ios-sdk" */ = {
			isa = XCRemoteSwiftPackageReference;
			repositoryURL = "https://github.com/firebase/firebase-ios-sdk";
			requirement = {
				kind = upToNextMajorVersion;
				minimumVersion = 11.0.0;
			};
		};
/* End XCRemoteSwiftPackageReference section */

/* Begin XCSwiftPackageProductDependency section */
		3F73188D2C63DF47002220CA /* FirebaseAuth */ = {
			isa = XCSwiftPackageProductDependency;
			package = 3F73188C2C63DF47002220CA /* XCRemoteSwiftPackageReference "firebase-ios-sdk" */;
			productName = FirebaseAuth;
		};
		3F73188F2C63DF47002220CA /* FirebaseFirestore */ = {
			isa = XCSwiftPackageProductDependency;
			package = 3F73188C2C63DF47002220CA /* XCRemoteSwiftPackageReference "firebase-ios-sdk" */;
			productName = FirebaseFirestore;
		};
/* End XCSwiftPackageProductDependency section */
	};
	rootObject = 3F7318542C63DB93002220CA /* Project object */;
}
